
Microsoft Visual Studio Solution File, Format Version 12.00
# Visual Studio Version 17
VisualStudioVersion = 17.14.36414.22 d17.14
MinimumVisualStudioVersion = 10.0.40219.1
Project("{FAE04EC0-301F-11D3-BF4B-00C04F79EFBC}") = "DoWhileLoop", "DoWhileLoop\DoWhileLoop.csproj", "{3AC99A52-C7DA-45F6-BC9B-C65987FF4C75}"
EndProject
Global
	GlobalSection(SolutionConfigurationPlatforms) = preSolution
		Debug|Any CPU = Debug|Any CPU
		Release|Any CPU = Release|Any CPU
	EndGlobalSection
	GlobalSection(ProjectConfigurationPlatforms) = postSolution
		{3AC99A52-C7DA-45F6-BC9B-C65987FF4C75}.Debug|Any CPU.ActiveCfg = Debug|Any CPU
		{3AC99A52-C7DA-45F6-BC9B-C65987FF4C75}.Debug|Any CPU.Build.0 = Debug|Any CPU
		{3AC99A52-C7DA-45F6-BC9B-C65987FF4C75}.Release|Any CPU.ActiveCfg = Release|Any CPU
		{3AC99A52-C7DA-45F6-BC9B-C65987FF4C75}.Release|Any CPU.Build.0 = Release|Any CPU
	EndGlobalSection
	GlobalSection(SolutionProperties) = preSolution
		HideSolutionNode = FALSE
	EndGlobalSection
	GlobalSection(ExtensibilityGlobals) = postSolution
		SolutionGuid = {8AF5717A-6361-4138-A413-F96CDCF226D0}
	EndGlobalSection
EndGlobal
